
Microsoft Visual Studio Solution File, Format Version 12.00
# Visual Studio Version 16
VisualStudioVersion = 16.0.31019.35
MinimumVisualStudioVersion = 10.0.40219.1
Project("{8BC9CEB8-8B4A-11D0-8D11-00A0C91BC942}") = "Algorithm_CaseStudy_Ch7_C++", "Algorithm_CaseStudy_Ch7_C++\Algorithm_CaseStudy_Ch7_C++.vcxproj", "{523D9192-C46A-4DE6-A77F-BB8566A42BA1}"
EndProject
Global
	GlobalSection(SolutionConfigurationPlatforms) = preSolution
		Debug|x64 = Debug|x64
		Debug|x86 = Debug|x86
		Release|x64 = Release|x64
		Release|x86 = Release|x86
	EndGlobalSection
	GlobalSection(ProjectConfigurationPlatforms) = postSolution
		{523D9192-C46A-4DE6-A77F-BB8566A42BA1}.Debug|x64.ActiveCfg = Debug|x64
		{523D9192-C46A-4DE6-A77F-BB8566A42BA1}.Debug|x64.Build.0 = Debug|x64
		{523D9192-C46A-4DE6-A77F-BB8566A42BA1}.Debug|x86.ActiveCfg = Debug|Win32
		{523D9192-C46A-4DE6-A77F-BB8566A42BA1}.Debug|x86.Build.0 = Debug|Win32
		{523D9192-C46A-4DE6-A77F-BB8566A42BA1}.Release|x64.ActiveCfg = Release|x64
		{523D9192-C46A-4DE6-A77F-BB8566A42BA1}.Release|x64.Build.0 = Release|x64
		{523D9192-C46A-4DE6-A77F-BB8566A42BA1}.Release|x86.ActiveCfg = Release|Win32
		{523D9192-C46A-4DE6-A77F-BB8566A42BA1}.Release|x86.Build.0 = Release|Win32
	EndGlobalSection
	GlobalSection(SolutionProperties) = preSolution
		HideSolutionNode = FALSE
	EndGlobalSection
	GlobalSection(ExtensibilityGlobals) = postSolution
		SolutionGuid = {426F7326-2456-47EE-B2D3-C032F20CAD85}
	EndGlobalSection
EndGlobal
