
Microsoft Visual Studio Solution File, Format Version 12.00
# Visual Studio Version 16
VisualStudioVersion = 16.0.31019.35
MinimumVisualStudioVersion = 10.0.40219.1
Project("{FAE04EC0-301F-11D3-BF4B-00C04F79EFBC}") = "DelegatesExample", "DelegatesExample\DelegatesExample.csproj", "{FC515D12-583C-4097-B7CB-5BADD9348022}"
EndProject
Global
	GlobalSection(SolutionConfigurationPlatforms) = preSolution
		Debug|Any CPU = Debug|Any CPU
		Release|Any CPU = Release|Any CPU
	EndGlobalSection
	GlobalSection(ProjectConfigurationPlatforms) = postSolution
		{FC515D12-583C-4097-B7CB-5BADD9348022}.Debug|Any CPU.ActiveCfg = Debug|Any CPU
		{FC515D12-583C-4097-B7CB-5BADD9348022}.Debug|Any CPU.Build.0 = Debug|Any CPU
		{FC515D12-583C-4097-B7CB-5BADD9348022}.Release|Any CPU.ActiveCfg = Release|Any CPU
		{FC515D12-583C-4097-B7CB-5BADD9348022}.Release|Any CPU.Build.0 = Release|Any CPU
	EndGlobalSection
	GlobalSection(SolutionProperties) = preSolution
		HideSolutionNode = FALSE
	EndGlobalSection
	GlobalSection(ExtensibilityGlobals) = postSolution
		SolutionGuid = {502C1F2E-7F04-44A9-BCF4-11530118ADDC}
	EndGlobalSection
EndGlobal
